# Generated by pub
# See https://dart.dev/tools/pub/glossary#lockfile
packages:
  asn1lib:
    dependency: transitive
    description:
      name: asn1lib
      url: "https://pub.dartlang.org"
    source: hosted
    version: "1.0.2"
  async:
    dependency: transitive
    description:
      name: async
      url: "https://pub.dartlang.org"
    source: hosted
    version: "2.9.0"
  boolean_selector:
    dependency: transitive
    description:
      name: boolean_selector
      url: "https://pub.dartlang.org"
    source: hosted
    version: "2.1.0"
  camera:
    dependency: "direct main"
    description:
      path: "packages/camera/camera"
      ref: "camera-v0.10.10"
      resolved-ref: "534722d12f11f9f59b328b81a313a773b750e8f2"
      url: "https://github.com/archetype-software/plugins.git"
    source: git
    version: "0.10.10+11"
  camera_android:
    dependency: transitive
    description:
      path: "packages/camera/camera_android"
      ref: "camera_android-v0.10.1"
      resolved-ref: "374cf653d5f50c9d6632bdf265f48ea76866ff54"
      url: "https://github.com/archetype-software/plugins.git"
    source: git
    version: "0.10.1+2"
  camera_avfoundation:
    dependency: transitive
    description:
      path: "packages/camera/camera_avfoundation"
      ref: "camera_avfoundation-v0.10.1"
      resolved-ref: "4e06376e5c33281becde46240ea207e2d52eefb8"
      url: "https://github.com/archetype-software/plugins.git"
    source: git
    version: "0.10.1+5"
  camera_platform_interface:
    dependency: transitive
    description:
      path: "packages/camera/camera_platform_interface"
      ref: "camera_platform_interface-v2.3.0"
      resolved-ref: "42d7e9dbf1dc174dee10690890f1a3c25656c630"
      url: "https://github.com/archetype-software/plugins.git"
    source: git
    version: "2.3.0"
  camera_web:
    dependency: transitive
    description:
      path: "packages/camera/camera_web"
      ref: "camera_web-v0.3.1"
      resolved-ref: "7abf3d800f2a1d27e69a26bd8dfa3da751c2096a"
      url: "https://github.com/archetype-software/plugins.git"
    source: git
    version: "0.3.1"
  characters:
    dependency: transitive
    description:
      name: characters
      url: "https://pub.dartlang.org"
    source: hosted
    version: "1.2.1"
  clock:
    dependency: transitive
    description:
      name: clock
      url: "https://pub.dartlang.org"
    source: hosted
    version: "1.1.1"
  collection:
    dependency: transitive
    description:
      name: collection
      url: "https://pub.dartlang.org"
    source: hosted
    version: "1.16.0"
  cross_file:
    dependency: transitive
    description:
      name: cross_file
      url: "https://pub.dartlang.org"
    source: hosted
    version: "0.3.1+1"
  fake_async:
    dependency: transitive
    description:
      name: fake_async
      url: "https://pub.dartlang.org"
    source: hosted
    version: "1.3.1"
  flutter:
    dependency: "direct main"
    description: flutter
    source: sdk
    version: "0.0.0"
  flutter_plugin_android_lifecycle:
    dependency: transitive
    description:
      name: flutter_plugin_android_lifecycle
      url: "https://pub.dartlang.org"
    source: hosted
    version: "2.0.6"
  flutter_test:
    dependency: "direct dev"
    description: flutter
    source: sdk
    version: "0.0.0"
  flutter_web_plugins:
    dependency: transitive
    description: flutter
    source: sdk
    version: "0.0.0"
  freezed_annotation:
    dependency: transitive
    description:
      name: freezed_annotation
      url: "https://pub.dartlang.org"
    source: hosted
    version: "1.1.0"
  google_mlkit_barcode_scanning:
    dependency: "direct main"
    description:
      name: google_mlkit_barcode_scanning
      url: "https://pub.dartlang.org"
    source: hosted
    version: "0.3.0"
  google_mlkit_commons:
    dependency: transitive
    description:
      name: google_mlkit_commons
      url: "https://pub.dartlang.org"
    source: hosted
    version: "0.2.0"
  js:
    dependency: transitive
    description:
      name: js
      url: "https://pub.dartlang.org"
    source: hosted
    version: "0.6.4"
  json_annotation:
    dependency: transitive
    description:
      name: json_annotation
      url: "https://pub.dartlang.org"
    source: hosted
    version: "4.6.0"
  matcher:
    dependency: transitive
    description:
      name: matcher
      url: "https://pub.dartlang.org"
    source: hosted
    version: "0.12.12"
  material_color_utilities:
    dependency: transitive
    description:
      name: material_color_utilities
      url: "https://pub.dartlang.org"
    source: hosted
    version: "0.1.5"
  meta:
    dependency: transitive
    description:
      name: meta
      url: "https://pub.dartlang.org"
    source: hosted
    version: "1.8.0"
  path:
    dependency: transitive
    description:
      name: path
      url: "https://pub.dartlang.org"
    source: hosted
    version: "1.8.2"
  plugin_platform_interface:
    dependency: transitive
    description:
      name: plugin_platform_interface
      url: "https://pub.dartlang.org"
    source: hosted
    version: "2.1.2"
  quiver:
    dependency: transitive
    description:
      name: quiver
      url: "https://pub.dartlang.org"
    source: hosted
    version: "3.0.1"
  rsa_identification:
    dependency: "direct main"
    description:
      path: "."
      ref: "v2.1.0"
      resolved-ref: "90caba296b665e69654c5e2f61f7296c57cb7605"
      url: "https://github.com/archetype-software/rsa_identification"
    source: git
    version: "2.1.0"
  sky_engine:
    dependency: transitive
    description: flutter
    source: sdk
    version: "0.0.99"
  source_span:
    dependency: transitive
    description:
      name: source_span
      url: "https://pub.dartlang.org"
    source: hosted
    version: "1.9.0"
  stack_trace:
    dependency: transitive
    description:
      name: stack_trace
      url: "https://pub.dartlang.org"
    source: hosted
    version: "1.10.0"
  stream_channel:
    dependency: transitive
    description:
      name: stream_channel
      url: "https://pub.dartlang.org"
    source: hosted
    version: "2.1.0"
  stream_transform:
    dependency: transitive
    description:
      name: stream_transform
      url: "https://pub.dartlang.org"
    source: hosted
    version: "2.0.0"
  string_scanner:
    dependency: transitive
    description:
      name: string_scanner
      url: "https://pub.dartlang.org"
    source: hosted
    version: "1.1.1"
  term_glyph:
    dependency: transitive
    description:
      name: term_glyph
      url: "https://pub.dartlang.org"
    source: hosted
    version: "1.2.1"
  test_api:
    dependency: transitive
    description:
      name: test_api
      url: "https://pub.dartlang.org"
    source: hosted
    version: "0.4.12"
  vector_math:
    dependency: transitive
    description:
      name: vector_math
      url: "https://pub.dartlang.org"
    source: hosted
    version: "2.1.2"
sdks:
  dart: ">=2.17.6 <3.0.0"
  flutter: ">=2.8.0"
